
Microsoft Visual Studio Solution File, Format Version 12.00
# Visual Studio Version 17
VisualStudioVersion = 17.0.31903.59
MinimumVisualStudioVersion = 10.0.40219.1
Project("{9A19103F-16F7-4668-BE54-9A1E7A4F7556}") = "CryptoNetCmd", "CryptoNetCmd\CryptoNetCmd.csproj", "{358AA465-102C-4332-BCDC-22ECAFA3189E}"
EndProject
Project("{9A19103F-16F7-4668-BE54-9A1E7A4F7556}") = "CryptoNetLib", "CryptoNetLib\CryptoNetLib.csproj", "{3EF2C1C4-D787-4399-B338-9E071355C093}"
EndProject
Project("{9A19103F-16F7-4668-BE54-9A1E7A4F7556}") = "CryptoNetUnitTests", "CryptoNetUnitTests\CryptoNetUnitTests.csproj", "{C824A7F2-9A20-45EA-820B-F809E8067CA2}"
EndProject
Project("{2150E333-8FDC-42A3-9474-1A3956D46DE8}") = "DevOps", "DevOps", "{0632D18D-1916-4AB3-9459-46A65AA72837}"
	ProjectSection(SolutionItems) = preProject
		.bettercodehub.yml = .bettercodehub.yml
		.github\workflows\ci.yml = .github\workflows\ci.yml
		.github\workflows\release-preview.yml = .github\workflows\release-preview.yml
		.github\workflows\release.yml = .github\workflows\release.yml
	EndProjectSection
EndProject
Project("{2150E333-8FDC-42A3-9474-1A3956D46DE8}") = "Docs", "Docs", "{7FEF6D01-1595-40BD-A0E6-4680598EC992}"
	ProjectSection(SolutionItems) = preProject
		LICENSE = LICENSE
		README.md = README.md
	EndProjectSection
EndProject
Project("{2150E333-8FDC-42A3-9474-1A3956D46DE8}") = "SolutionItems", "SolutionItems", "{ECD15561-5F6C-471D-B113-A467278DAF8A}"
	ProjectSection(SolutionItems) = preProject
		build.ps1 = build.ps1
		Dockerfile = Dockerfile
	EndProjectSection
EndProject
Project("{FAE04EC0-301F-11D3-BF4B-00C04F79EFBC}") = "CryptoNetIaC", "CryptoNetIaC\CryptoNetIaC.csproj", "{ECAEA168-DD6F-4F10-B8FB-13E6DE781EE2}"
EndProject
Global
	GlobalSection(SolutionConfigurationPlatforms) = preSolution
		Debug|Any CPU = Debug|Any CPU
		Release|Any CPU = Release|Any CPU
	EndGlobalSection
	GlobalSection(ProjectConfigurationPlatforms) = postSolution
		{358AA465-102C-4332-BCDC-22ECAFA3189E}.Debug|Any CPU.ActiveCfg = Debug|Any CPU
		{358AA465-102C-4332-BCDC-22ECAFA3189E}.Debug|Any CPU.Build.0 = Debug|Any CPU
		{358AA465-102C-4332-BCDC-22ECAFA3189E}.Release|Any CPU.ActiveCfg = Release|Any CPU
		{358AA465-102C-4332-BCDC-22ECAFA3189E}.Release|Any CPU.Build.0 = Release|Any CPU
		{3EF2C1C4-D787-4399-B338-9E071355C093}.Debug|Any CPU.ActiveCfg = Debug|Any CPU
		{3EF2C1C4-D787-4399-B338-9E071355C093}.Debug|Any CPU.Build.0 = Debug|Any CPU
		{3EF2C1C4-D787-4399-B338-9E071355C093}.Release|Any CPU.ActiveCfg = Release|Any CPU
		{3EF2C1C4-D787-4399-B338-9E071355C093}.Release|Any CPU.Build.0 = Release|Any CPU
		{C824A7F2-9A20-45EA-820B-F809E8067CA2}.Debug|Any CPU.ActiveCfg = Debug|Any CPU
		{C824A7F2-9A20-45EA-820B-F809E8067CA2}.Debug|Any CPU.Build.0 = Debug|Any CPU
		{C824A7F2-9A20-45EA-820B-F809E8067CA2}.Release|Any CPU.ActiveCfg = Release|Any CPU
		{C824A7F2-9A20-45EA-820B-F809E8067CA2}.Release|Any CPU.Build.0 = Release|Any CPU
		{ECAEA168-DD6F-4F10-B8FB-13E6DE781EE2}.Debug|Any CPU.ActiveCfg = Debug|Any CPU
		{ECAEA168-DD6F-4F10-B8FB-13E6DE781EE2}.Debug|Any CPU.Build.0 = Debug|Any CPU
		{ECAEA168-DD6F-4F10-B8FB-13E6DE781EE2}.Release|Any CPU.ActiveCfg = Release|Any CPU
		{ECAEA168-DD6F-4F10-B8FB-13E6DE781EE2}.Release|Any CPU.Build.0 = Release|Any CPU
	EndGlobalSection
	GlobalSection(SolutionProperties) = preSolution
		HideSolutionNode = FALSE
	EndGlobalSection
	GlobalSection(ExtensibilityGlobals) = postSolution
		SolutionGuid = {757B78AA-A54E-4B89-ACC9-4C19AE8D97FA}
	EndGlobalSection
EndGlobal
