
Microsoft Visual Studio Solution File, Format Version 12.00
# Visual Studio Version 17
VisualStudioVersion = 17.0.31903.59
MinimumVisualStudioVersion = 10.0.40219.1
Project("{9A19103F-16F7-4668-BE54-9A1E7A4F7556}") = "CryptoNetCmd", "CryptoNetCmd\CryptoNetCmd.csproj", "{358AA465-102C-4332-BCDC-22ECAFA3189E}"
EndProject
Project("{9A19103F-16F7-4668-BE54-9A1E7A4F7556}") = "CryptoNetLib", "CryptoNetLib\CryptoNetLib.csproj", "{3EF2C1C4-D787-4399-B338-9E071355C093}"
EndProject
Project("{9A19103F-16F7-4668-BE54-9A1E7A4F7556}") = "CryptoNetUnitTests", "CryptoNetUnitTests\CryptoNetUnitTests.csproj", "{C824A7F2-9A20-45EA-820B-F809E8067CA2}"
EndProject
Project("{2150E333-8FDC-42A3-9474-1A3956D46DE8}") = "Rsa", "Rsa", "{BD3A9D34-CDA6-4478-8FC3-97E099B6F3BB}"
	ProjectSection(SolutionItems) = preProject
		test.certificate = test.certificate
	EndProjectSection
EndProject
Project("{2150E333-8FDC-42A3-9474-1A3956D46DE8}") = "Pipelines", "Pipelines", "{0632D18D-1916-4AB3-9459-46A65AA72837}"
	ProjectSection(SolutionItems) = preProject
		.github\workflows\dotnet.yml = .github\workflows\dotnet.yml
	EndProjectSection
EndProject
Global
	GlobalSection(SolutionConfigurationPlatforms) = preSolution
		Debug|Any CPU = Debug|Any CPU
		Release|Any CPU = Release|Any CPU
	EndGlobalSection
	GlobalSection(ProjectConfigurationPlatforms) = postSolution
		{358AA465-102C-4332-BCDC-22ECAFA3189E}.Debug|Any CPU.ActiveCfg = Debug|Any CPU
		{358AA465-102C-4332-BCDC-22ECAFA3189E}.Debug|Any CPU.Build.0 = Debug|Any CPU
		{358AA465-102C-4332-BCDC-22ECAFA3189E}.Release|Any CPU.ActiveCfg = Release|Any CPU
		{358AA465-102C-4332-BCDC-22ECAFA3189E}.Release|Any CPU.Build.0 = Release|Any CPU
		{3EF2C1C4-D787-4399-B338-9E071355C093}.Debug|Any CPU.ActiveCfg = Debug|Any CPU
		{3EF2C1C4-D787-4399-B338-9E071355C093}.Debug|Any CPU.Build.0 = Debug|Any CPU
		{3EF2C1C4-D787-4399-B338-9E071355C093}.Release|Any CPU.ActiveCfg = Release|Any CPU
		{3EF2C1C4-D787-4399-B338-9E071355C093}.Release|Any CPU.Build.0 = Release|Any CPU
		{C824A7F2-9A20-45EA-820B-F809E8067CA2}.Debug|Any CPU.ActiveCfg = Debug|Any CPU
		{C824A7F2-9A20-45EA-820B-F809E8067CA2}.Debug|Any CPU.Build.0 = Debug|Any CPU
		{C824A7F2-9A20-45EA-820B-F809E8067CA2}.Release|Any CPU.ActiveCfg = Release|Any CPU
		{C824A7F2-9A20-45EA-820B-F809E8067CA2}.Release|Any CPU.Build.0 = Release|Any CPU
	EndGlobalSection
	GlobalSection(SolutionProperties) = preSolution
		HideSolutionNode = FALSE
	EndGlobalSection
	GlobalSection(ExtensibilityGlobals) = postSolution
		SolutionGuid = {757B78AA-A54E-4B89-ACC9-4C19AE8D97FA}
	EndGlobalSection
EndGlobal
